{
	"name": "vscode-dummy",
	"version": "0.0.1",
	"lockfileVersion": 2,
	"requires": true,
	"packages": {
		"": {
			"version": "0.0.1",
			"license": "MIT",
			"devDependencies": {
				"@types/node": "^14.0.0",
				"@types/vscode": "^1.34.0",
				"typescript": "4.4.3"
			},
			"engines": {
				"vscode": "^1.34.0"
			}
		},
		"node_modules/@types/node": {
			"version": "14.17.33",
			"resolved": "https://registry.npmjs.org/@types/node/-/node-14.17.33.tgz",
			"integrity": "sha512-noEeJ06zbn3lOh4gqe2v7NMGS33jrulfNqYFDjjEbhpDEHR5VTxgYNQSBqBlJIsBJW3uEYDgD6kvMnrrhGzq8g==",
			"dev": true
		},
		"node_modules/@types/vscode": {
			"version": "1.62.0",
			"resolved": "https://registry.npmjs.org/@types/vscode/-/vscode-1.62.0.tgz",
			"integrity": "sha512-iGlQJ1w5e3qPUryroO6v4lxg3ql1ztdTCwQW3xEwFawdyPLoeUSv48SYfMwc7kQA7h6ThUqflZIjgKAykeF9oA==",
			"dev": true
		},
		"node_modules/typescript": {
			"version": "4.4.3",
			"resolved": "https://registry.npmjs.org/typescript/-/typescript-4.4.3.tgz",
			"integrity": "sha512-4xfscpisVgqqDfPaJo5vkd+Qd/ItkoagnHpufr+i2QCHBsNYp+G7UAoyFl8aPtx879u38wPV65rZ8qbGZijalA==",
			"dev": true,
			"bin": {
				"tsc": "bin/tsc",
				"tsserver": "bin/tsserver"
			},
			"engines": {
				"node": ">=4.2.0"
			}
		}
	},
	"dependencies": {
		"@types/node": {
			"version": "14.17.33",
			"resolved": "https://registry.npmjs.org/@types/node/-/node-14.17.33.tgz",
			"integrity": "sha512-noEeJ06zbn3lOh4gqe2v7NMGS33jrulfNqYFDjjEbhpDEHR5VTxgYNQSBqBlJIsBJW3uEYDgD6kvMnrrhGzq8g==",
			"dev": true
		},
		"@types/vscode": {
			"version": "1.62.0",
			"resolved": "https://registry.npmjs.org/@types/vscode/-/vscode-1.62.0.tgz",
			"integrity": "sha512-iGlQJ1w5e3qPUryroO6v4lxg3ql1ztdTCwQW3xEwFawdyPLoeUSv48SYfMwc7kQA7h6ThUqflZIjgKAykeF9oA==",
			"dev": true
		},
		"typescript": {
			"version": "4.4.3",
			"resolved": "https://registry.npmjs.org/typescript/-/typescript-4.4.3.tgz",
			"integrity": "sha512-4xfscpisVgqqDfPaJo5vkd+Qd/ItkoagnHpufr+i2QCHBsNYp+G7UAoyFl8aPtx879u38wPV65rZ8qbGZijalA==",
			"dev": true
		}
	}
}
